
Microsoft Visual Studio Solution File, Format Version 12.00
# Visual Studio 15
VisualStudioVersion = 15.0.26430.14
MinimumVisualStudioVersion = 10.0.40219.1
Project("{FAE04EC0-301F-11D3-BF4B-00C04F79EFBC}") = "Demo04.Android", "Demo04\Demo04.Android\Demo04.Android.csproj", "{E2BC2C78-6949-468B-A8CF-17E2A86AA87E}"
EndProject
Project("{FAE04EC0-301F-11D3-BF4B-00C04F79EFBC}") = "Demo04", "Demo04\Demo04\Demo04.csproj", "{463A6775-73E2-42CD-A29D-6BBA46E0F5A7}"
EndProject
Project("{FAE04EC0-301F-11D3-BF4B-00C04F79EFBC}") = "Demo04.UWP", "Demo04\Demo04.UWP\Demo04.UWP.csproj", "{3A1BA31F-19CD-480C-90DA-CAC41E7D6EFC}"
EndProject
Project("{FAE04EC0-301F-11D3-BF4B-00C04F79EFBC}") = "Demo04.iOS", "Demo04\Demo04.iOS\Demo04.iOS.csproj", "{E43F234F-C5F4-46DE-8359-C5DA8699DC92}"
EndProject
Global
	GlobalSection(SolutionConfigurationPlatforms) = preSolution
		Ad-Hoc|Any CPU = Ad-Hoc|Any CPU
		Ad-Hoc|ARM = Ad-Hoc|ARM
		Ad-Hoc|iPhone = Ad-Hoc|iPhone
		Ad-Hoc|iPhoneSimulator = Ad-Hoc|iPhoneSimulator
		Ad-Hoc|x64 = Ad-Hoc|x64
		Ad-Hoc|x86 = Ad-Hoc|x86
		AppStore|Any CPU = AppStore|Any CPU
		AppStore|ARM = AppStore|ARM
		AppStore|iPhone = AppStore|iPhone
		AppStore|iPhoneSimulator = AppStore|iPhoneSimulator
		AppStore|x64 = AppStore|x64
		AppStore|x86 = AppStore|x86
		Debug|Any CPU = Debug|Any CPU
		Debug|ARM = Debug|ARM
		Debug|iPhone = Debug|iPhone
		Debug|iPhoneSimulator = Debug|iPhoneSimulator
		Debug|x64 = Debug|x64
		Debug|x86 = Debug|x86
		Release|Any CPU = Release|Any CPU
		Release|ARM = Release|ARM
		Release|iPhone = Release|iPhone
		Release|iPhoneSimulator = Release|iPhoneSimulator
		Release|x64 = Release|x64
		Release|x86 = Release|x86
	EndGlobalSection
	GlobalSection(ProjectConfigurationPlatforms) = postSolution
		{E2BC2C78-6949-468B-A8CF-17E2A86AA87E}.Ad-Hoc|Any CPU.ActiveCfg = Release|Any CPU
		{E2BC2C78-6949-468B-A8CF-17E2A86AA87E}.Ad-Hoc|Any CPU.Build.0 = Release|Any CPU
		{E2BC2C78-6949-468B-A8CF-17E2A86AA87E}.Ad-Hoc|Any CPU.Deploy.0 = Release|Any CPU
		{E2BC2C78-6949-468B-A8CF-17E2A86AA87E}.Ad-Hoc|ARM.ActiveCfg = Release|Any CPU
		{E2BC2C78-6949-468B-A8CF-17E2A86AA87E}.Ad-Hoc|ARM.Build.0 = Release|Any CPU
		{E2BC2C78-6949-468B-A8CF-17E2A86AA87E}.Ad-Hoc|ARM.Deploy.0 = Release|Any CPU
		{E2BC2C78-6949-468B-A8CF-17E2A86AA87E}.Ad-Hoc|iPhone.ActiveCfg = Release|Any CPU
		{E2BC2C78-6949-468B-A8CF-17E2A86AA87E}.Ad-Hoc|iPhone.Build.0 = Release|Any CPU
		{E2BC2C78-6949-468B-A8CF-17E2A86AA87E}.Ad-Hoc|iPhone.Deploy.0 = Release|Any CPU
		{E2BC2C78-6949-468B-A8CF-17E2A86AA87E}.Ad-Hoc|iPhoneSimulator.ActiveCfg = Release|Any CPU
		{E2BC2C78-6949-468B-A8CF-17E2A86AA87E}.Ad-Hoc|iPhoneSimulator.Build.0 = Release|Any CPU
		{E2BC2C78-6949-468B-A8CF-17E2A86AA87E}.Ad-Hoc|iPhoneSimulator.Deploy.0 = Release|Any CPU
		{E2BC2C78-6949-468B-A8CF-17E2A86AA87E}.Ad-Hoc|x64.ActiveCfg = Release|Any CPU
		{E2BC2C78-6949-468B-A8CF-17E2A86AA87E}.Ad-Hoc|x64.Build.0 = Release|Any CPU
		{E2BC2C78-6949-468B-A8CF-17E2A86AA87E}.Ad-Hoc|x64.Deploy.0 = Release|Any CPU
		{E2BC2C78-6949-468B-A8CF-17E2A86AA87E}.Ad-Hoc|x86.ActiveCfg = Release|Any CPU
		{E2BC2C78-6949-468B-A8CF-17E2A86AA87E}.Ad-Hoc|x86.Build.0 = Release|Any CPU
		{E2BC2C78-6949-468B-A8CF-17E2A86AA87E}.Ad-Hoc|x86.Deploy.0 = Release|Any CPU
		{E2BC2C78-6949-468B-A8CF-17E2A86AA87E}.AppStore|Any CPU.ActiveCfg = Release|Any CPU
		{E2BC2C78-6949-468B-A8CF-17E2A86AA87E}.AppStore|Any CPU.Build.0 = Release|Any CPU
		{E2BC2C78-6949-468B-A8CF-17E2A86AA87E}.AppStore|Any CPU.Deploy.0 = Release|Any CPU
		{E2BC2C78-6949-468B-A8CF-17E2A86AA87E}.AppStore|ARM.ActiveCfg = Release|Any CPU
		{E2BC2C78-6949-468B-A8CF-17E2A86AA87E}.AppStore|ARM.Build.0 = Release|Any CPU
		{E2BC2C78-6949-468B-A8CF-17E2A86AA87E}.AppStore|ARM.Deploy.0 = Release|Any CPU
		{E2BC2C78-6949-468B-A8CF-17E2A86AA87E}.AppStore|iPhone.ActiveCfg = Release|Any CPU
		{E2BC2C78-6949-468B-A8CF-17E2A86AA87E}.AppStore|iPhone.Build.0 = Release|Any CPU
		{E2BC2C78-6949-468B-A8CF-17E2A86AA87E}.AppStore|iPhone.Deploy.0 = Release|Any CPU
		{E2BC2C78-6949-468B-A8CF-17E2A86AA87E}.AppStore|iPhoneSimulator.ActiveCfg = Release|Any CPU
		{E2BC2C78-6949-468B-A8CF-17E2A86AA87E}.AppStore|iPhoneSimulator.Build.0 = Release|Any CPU
		{E2BC2C78-6949-468B-A8CF-17E2A86AA87E}.AppStore|iPhoneSimulator.Deploy.0 = Release|Any CPU
		{E2BC2C78-6949-468B-A8CF-17E2A86AA87E}.AppStore|x64.ActiveCfg = Release|Any CPU
		{E2BC2C78-6949-468B-A8CF-17E2A86AA87E}.AppStore|x64.Build.0 = Release|Any CPU
		{E2BC2C78-6949-468B-A8CF-17E2A86AA87E}.AppStore|x64.Deploy.0 = Release|Any CPU
		{E2BC2C78-6949-468B-A8CF-17E2A86AA87E}.AppStore|x86.ActiveCfg = Release|Any CPU
		{E2BC2C78-6949-468B-A8CF-17E2A86AA87E}.AppStore|x86.Build.0 = Release|Any CPU
		{E2BC2C78-6949-468B-A8CF-17E2A86AA87E}.AppStore|x86.Deploy.0 = Release|Any CPU
		{E2BC2C78-6949-468B-A8CF-17E2A86AA87E}.Debug|Any CPU.ActiveCfg = Debug|Any CPU
		{E2BC2C78-6949-468B-A8CF-17E2A86AA87E}.Debug|Any CPU.Build.0 = Debug|Any CPU
		{E2BC2C78-6949-468B-A8CF-17E2A86AA87E}.Debug|Any CPU.Deploy.0 = Debug|Any CPU
		{E2BC2C78-6949-468B-A8CF-17E2A86AA87E}.Debug|ARM.ActiveCfg = Debug|Any CPU
		{E2BC2C78-6949-468B-A8CF-17E2A86AA87E}.Debug|ARM.Build.0 = Debug|Any CPU
		{E2BC2C78-6949-468B-A8CF-17E2A86AA87E}.Debug|ARM.Deploy.0 = Debug|Any CPU
		{E2BC2C78-6949-468B-A8CF-17E2A86AA87E}.Debug|iPhone.ActiveCfg = Debug|Any CPU
		{E2BC2C78-6949-468B-A8CF-17E2A86AA87E}.Debug|iPhone.Build.0 = Debug|Any CPU
		{E2BC2C78-6949-468B-A8CF-17E2A86AA87E}.Debug|iPhone.Deploy.0 = Debug|Any CPU
		{E2BC2C78-6949-468B-A8CF-17E2A86AA87E}.Debug|iPhoneSimulator.ActiveCfg = Debug|Any CPU
		{E2BC2C78-6949-468B-A8CF-17E2A86AA87E}.Debug|iPhoneSimulator.Build.0 = Debug|Any CPU
		{E2BC2C78-6949-468B-A8CF-17E2A86AA87E}.Debug|iPhoneSimulator.Deploy.0 = Debug|Any CPU
		{E2BC2C78-6949-468B-A8CF-17E2A86AA87E}.Debug|x64.ActiveCfg = Debug|Any CPU
		{E2BC2C78-6949-468B-A8CF-17E2A86AA87E}.Debug|x64.Build.0 = Debug|Any CPU
		{E2BC2C78-6949-468B-A8CF-17E2A86AA87E}.Debug|x64.Deploy.0 = Debug|Any CPU
		{E2BC2C78-6949-468B-A8CF-17E2A86AA87E}.Debug|x86.ActiveCfg = Debug|Any CPU
		{E2BC2C78-6949-468B-A8CF-17E2A86AA87E}.Debug|x86.Build.0 = Debug|Any CPU
		{E2BC2C78-6949-468B-A8CF-17E2A86AA87E}.Debug|x86.Deploy.0 = Debug|Any CPU
		{E2BC2C78-6949-468B-A8CF-17E2A86AA87E}.Release|Any CPU.ActiveCfg = Release|Any CPU
		{E2BC2C78-6949-468B-A8CF-17E2A86AA87E}.Release|Any CPU.Build.0 = Release|Any CPU
		{E2BC2C78-6949-468B-A8CF-17E2A86AA87E}.Release|Any CPU.Deploy.0 = Release|Any CPU
		{E2BC2C78-6949-468B-A8CF-17E2A86AA87E}.Release|ARM.ActiveCfg = Release|Any CPU
		{E2BC2C78-6949-468B-A8CF-17E2A86AA87E}.Release|ARM.Build.0 = Release|Any CPU
		{E2BC2C78-6949-468B-A8CF-17E2A86AA87E}.Release|ARM.Deploy.0 = Release|Any CPU
		{E2BC2C78-6949-468B-A8CF-17E2A86AA87E}.Release|iPhone.ActiveCfg = Release|Any CPU
		{E2BC2C78-6949-468B-A8CF-17E2A86AA87E}.Release|iPhone.Build.0 = Release|Any CPU
		{E2BC2C78-6949-468B-A8CF-17E2A86AA87E}.Release|iPhone.Deploy.0 = Release|Any CPU
		{E2BC2C78-6949-468B-A8CF-17E2A86AA87E}.Release|iPhoneSimulator.ActiveCfg = Release|Any CPU
		{E2BC2C78-6949-468B-A8CF-17E2A86AA87E}.Release|iPhoneSimulator.Build.0 = Release|Any CPU
		{E2BC2C78-6949-468B-A8CF-17E2A86AA87E}.Release|iPhoneSimulator.Deploy.0 = Release|Any CPU
		{E2BC2C78-6949-468B-A8CF-17E2A86AA87E}.Release|x64.ActiveCfg = Release|Any CPU
		{E2BC2C78-6949-468B-A8CF-17E2A86AA87E}.Release|x64.Build.0 = Release|Any CPU
		{E2BC2C78-6949-468B-A8CF-17E2A86AA87E}.Release|x64.Deploy.0 = Release|Any CPU
		{E2BC2C78-6949-468B-A8CF-17E2A86AA87E}.Release|x86.ActiveCfg = Release|Any CPU
		{E2BC2C78-6949-468B-A8CF-17E2A86AA87E}.Release|x86.Build.0 = Release|Any CPU
		{E2BC2C78-6949-468B-A8CF-17E2A86AA87E}.Release|x86.Deploy.0 = Release|Any CPU
		{463A6775-73E2-42CD-A29D-6BBA46E0F5A7}.Ad-Hoc|Any CPU.ActiveCfg = Release|Any CPU
		{463A6775-73E2-42CD-A29D-6BBA46E0F5A7}.Ad-Hoc|Any CPU.Build.0 = Release|Any CPU
		{463A6775-73E2-42CD-A29D-6BBA46E0F5A7}.Ad-Hoc|ARM.ActiveCfg = Release|Any CPU
		{463A6775-73E2-42CD-A29D-6BBA46E0F5A7}.Ad-Hoc|ARM.Build.0 = Release|Any CPU
		{463A6775-73E2-42CD-A29D-6BBA46E0F5A7}.Ad-Hoc|iPhone.ActiveCfg = Release|Any CPU
		{463A6775-73E2-42CD-A29D-6BBA46E0F5A7}.Ad-Hoc|iPhone.Build.0 = Release|Any CPU
		{463A6775-73E2-42CD-A29D-6BBA46E0F5A7}.Ad-Hoc|iPhoneSimulator.ActiveCfg = Release|Any CPU
		{463A6775-73E2-42CD-A29D-6BBA46E0F5A7}.Ad-Hoc|iPhoneSimulator.Build.0 = Release|Any CPU
		{463A6775-73E2-42CD-A29D-6BBA46E0F5A7}.Ad-Hoc|x64.ActiveCfg = Release|Any CPU
		{463A6775-73E2-42CD-A29D-6BBA46E0F5A7}.Ad-Hoc|x64.Build.0 = Release|Any CPU
		{463A6775-73E2-42CD-A29D-6BBA46E0F5A7}.Ad-Hoc|x86.ActiveCfg = Release|Any CPU
		{463A6775-73E2-42CD-A29D-6BBA46E0F5A7}.Ad-Hoc|x86.Build.0 = Release|Any CPU
		{463A6775-73E2-42CD-A29D-6BBA46E0F5A7}.AppStore|Any CPU.ActiveCfg = Release|Any CPU
		{463A6775-73E2-42CD-A29D-6BBA46E0F5A7}.AppStore|Any CPU.Build.0 = Release|Any CPU
		{463A6775-73E2-42CD-A29D-6BBA46E0F5A7}.AppStore|ARM.ActiveCfg = Release|Any CPU
		{463A6775-73E2-42CD-A29D-6BBA46E0F5A7}.AppStore|ARM.Build.0 = Release|Any CPU
		{463A6775-73E2-42CD-A29D-6BBA46E0F5A7}.AppStore|iPhone.ActiveCfg = Release|Any CPU
		{463A6775-73E2-42CD-A29D-6BBA46E0F5A7}.AppStore|iPhone.Build.0 = Release|Any CPU
		{463A6775-73E2-42CD-A29D-6BBA46E0F5A7}.AppStore|iPhoneSimulator.ActiveCfg = Release|Any CPU
		{463A6775-73E2-42CD-A29D-6BBA46E0F5A7}.AppStore|iPhoneSimulator.Build.0 = Release|Any CPU
		{463A6775-73E2-42CD-A29D-6BBA46E0F5A7}.AppStore|x64.ActiveCfg = Release|Any CPU
		{463A6775-73E2-42CD-A29D-6BBA46E0F5A7}.AppStore|x64.Build.0 = Release|Any CPU
		{463A6775-73E2-42CD-A29D-6BBA46E0F5A7}.AppStore|x86.ActiveCfg = Release|Any CPU
		{463A6775-73E2-42CD-A29D-6BBA46E0F5A7}.AppStore|x86.Build.0 = Release|Any CPU
		{463A6775-73E2-42CD-A29D-6BBA46E0F5A7}.Debug|Any CPU.ActiveCfg = Debug|Any CPU
		{463A6775-73E2-42CD-A29D-6BBA46E0F5A7}.Debug|Any CPU.Build.0 = Debug|Any CPU
		{463A6775-73E2-42CD-A29D-6BBA46E0F5A7}.Debug|ARM.ActiveCfg = Debug|Any CPU
		{463A6775-73E2-42CD-A29D-6BBA46E0F5A7}.Debug|ARM.Build.0 = Debug|Any CPU
		{463A6775-73E2-42CD-A29D-6BBA46E0F5A7}.Debug|iPhone.ActiveCfg = Debug|Any CPU
		{463A6775-73E2-42CD-A29D-6BBA46E0F5A7}.Debug|iPhone.Build.0 = Debug|Any CPU
		{463A6775-73E2-42CD-A29D-6BBA46E0F5A7}.Debug|iPhoneSimulator.ActiveCfg = Debug|Any CPU
		{463A6775-73E2-42CD-A29D-6BBA46E0F5A7}.Debug|iPhoneSimulator.Build.0 = Debug|Any CPU
		{463A6775-73E2-42CD-A29D-6BBA46E0F5A7}.Debug|x64.ActiveCfg = Debug|Any CPU
		{463A6775-73E2-42CD-A29D-6BBA46E0F5A7}.Debug|x64.Build.0 = Debug|Any CPU
		{463A6775-73E2-42CD-A29D-6BBA46E0F5A7}.Debug|x86.ActiveCfg = Debug|Any CPU
		{463A6775-73E2-42CD-A29D-6BBA46E0F5A7}.Debug|x86.Build.0 = Debug|Any CPU
		{463A6775-73E2-42CD-A29D-6BBA46E0F5A7}.Release|Any CPU.ActiveCfg = Release|Any CPU
		{463A6775-73E2-42CD-A29D-6BBA46E0F5A7}.Release|Any CPU.Build.0 = Release|Any CPU
		{463A6775-73E2-42CD-A29D-6BBA46E0F5A7}.Release|ARM.ActiveCfg = Release|Any CPU
		{463A6775-73E2-42CD-A29D-6BBA46E0F5A7}.Release|ARM.Build.0 = Release|Any CPU
		{463A6775-73E2-42CD-A29D-6BBA46E0F5A7}.Release|iPhone.ActiveCfg = Release|Any CPU
		{463A6775-73E2-42CD-A29D-6BBA46E0F5A7}.Release|iPhone.Build.0 = Release|Any CPU
		{463A6775-73E2-42CD-A29D-6BBA46E0F5A7}.Release|iPhoneSimulator.ActiveCfg = Release|Any CPU
		{463A6775-73E2-42CD-A29D-6BBA46E0F5A7}.Release|iPhoneSimulator.Build.0 = Release|Any CPU
		{463A6775-73E2-42CD-A29D-6BBA46E0F5A7}.Release|x64.ActiveCfg = Release|Any CPU
		{463A6775-73E2-42CD-A29D-6BBA46E0F5A7}.Release|x64.Build.0 = Release|Any CPU
		{463A6775-73E2-42CD-A29D-6BBA46E0F5A7}.Release|x86.ActiveCfg = Release|Any CPU
		{463A6775-73E2-42CD-A29D-6BBA46E0F5A7}.Release|x86.Build.0 = Release|Any CPU
		{3A1BA31F-19CD-480C-90DA-CAC41E7D6EFC}.Ad-Hoc|Any CPU.ActiveCfg = Release|x86
		{3A1BA31F-19CD-480C-90DA-CAC41E7D6EFC}.Ad-Hoc|Any CPU.Build.0 = Release|x86
		{3A1BA31F-19CD-480C-90DA-CAC41E7D6EFC}.Ad-Hoc|Any CPU.Deploy.0 = Release|x86
		{3A1BA31F-19CD-480C-90DA-CAC41E7D6EFC}.Ad-Hoc|ARM.ActiveCfg = Release|ARM
		{3A1BA31F-19CD-480C-90DA-CAC41E7D6EFC}.Ad-Hoc|ARM.Build.0 = Release|ARM
		{3A1BA31F-19CD-480C-90DA-CAC41E7D6EFC}.Ad-Hoc|ARM.Deploy.0 = Release|ARM
		{3A1BA31F-19CD-480C-90DA-CAC41E7D6EFC}.Ad-Hoc|iPhone.ActiveCfg = Release|x86
		{3A1BA31F-19CD-480C-90DA-CAC41E7D6EFC}.Ad-Hoc|iPhone.Build.0 = Release|x86
		{3A1BA31F-19CD-480C-90DA-CAC41E7D6EFC}.Ad-Hoc|iPhone.Deploy.0 = Release|x86
		{3A1BA31F-19CD-480C-90DA-CAC41E7D6EFC}.Ad-Hoc|iPhoneSimulator.ActiveCfg = Release|x86
		{3A1BA31F-19CD-480C-90DA-CAC41E7D6EFC}.Ad-Hoc|iPhoneSimulator.Build.0 = Release|x86
		{3A1BA31F-19CD-480C-90DA-CAC41E7D6EFC}.Ad-Hoc|iPhoneSimulator.Deploy.0 = Release|x86
		{3A1BA31F-19CD-480C-90DA-CAC41E7D6EFC}.Ad-Hoc|x64.ActiveCfg = Release|x64
		{3A1BA31F-19CD-480C-90DA-CAC41E7D6EFC}.Ad-Hoc|x64.Build.0 = Release|x64
		{3A1BA31F-19CD-480C-90DA-CAC41E7D6EFC}.Ad-Hoc|x64.Deploy.0 = Release|x64
		{3A1BA31F-19CD-480C-90DA-CAC41E7D6EFC}.Ad-Hoc|x86.ActiveCfg = Release|x86
		{3A1BA31F-19CD-480C-90DA-CAC41E7D6EFC}.Ad-Hoc|x86.Build.0 = Release|x86
		{3A1BA31F-19CD-480C-90DA-CAC41E7D6EFC}.Ad-Hoc|x86.Deploy.0 = Release|x86
		{3A1BA31F-19CD-480C-90DA-CAC41E7D6EFC}.AppStore|Any CPU.ActiveCfg = Release|x86
		{3A1BA31F-19CD-480C-90DA-CAC41E7D6EFC}.AppStore|Any CPU.Build.0 = Release|x86
		{3A1BA31F-19CD-480C-90DA-CAC41E7D6EFC}.AppStore|Any CPU.Deploy.0 = Release|x86
		{3A1BA31F-19CD-480C-90DA-CAC41E7D6EFC}.AppStore|ARM.ActiveCfg = Release|ARM
		{3A1BA31F-19CD-480C-90DA-CAC41E7D6EFC}.AppStore|ARM.Build.0 = Release|ARM
		{3A1BA31F-19CD-480C-90DA-CAC41E7D6EFC}.AppStore|ARM.Deploy.0 = Release|ARM
		{3A1BA31F-19CD-480C-90DA-CAC41E7D6EFC}.AppStore|iPhone.ActiveCfg = Release|x86
		{3A1BA31F-19CD-480C-90DA-CAC41E7D6EFC}.AppStore|iPhone.Build.0 = Release|x86
		{3A1BA31F-19CD-480C-90DA-CAC41E7D6EFC}.AppStore|iPhone.Deploy.0 = Release|x86
		{3A1BA31F-19CD-480C-90DA-CAC41E7D6EFC}.AppStore|iPhoneSimulator.ActiveCfg = Release|x86
		{3A1BA31F-19CD-480C-90DA-CAC41E7D6EFC}.AppStore|iPhoneSimulator.Build.0 = Release|x86
		{3A1BA31F-19CD-480C-90DA-CAC41E7D6EFC}.AppStore|iPhoneSimulator.Deploy.0 = Release|x86
		{3A1BA31F-19CD-480C-90DA-CAC41E7D6EFC}.AppStore|x64.ActiveCfg = Release|x64
		{3A1BA31F-19CD-480C-90DA-CAC41E7D6EFC}.AppStore|x64.Build.0 = Release|x64
		{3A1BA31F-19CD-480C-90DA-CAC41E7D6EFC}.AppStore|x64.Deploy.0 = Release|x64
		{3A1BA31F-19CD-480C-90DA-CAC41E7D6EFC}.AppStore|x86.ActiveCfg = Release|x86
		{3A1BA31F-19CD-480C-90DA-CAC41E7D6EFC}.AppStore|x86.Build.0 = Release|x86
		{3A1BA31F-19CD-480C-90DA-CAC41E7D6EFC}.AppStore|x86.Deploy.0 = Release|x86
		{3A1BA31F-19CD-480C-90DA-CAC41E7D6EFC}.Debug|Any CPU.ActiveCfg = Debug|x86
		{3A1BA31F-19CD-480C-90DA-CAC41E7D6EFC}.Debug|ARM.ActiveCfg = Debug|ARM
		{3A1BA31F-19CD-480C-90DA-CAC41E7D6EFC}.Debug|ARM.Build.0 = Debug|ARM
		{3A1BA31F-19CD-480C-90DA-CAC41E7D6EFC}.Debug|ARM.Deploy.0 = Debug|ARM
		{3A1BA31F-19CD-480C-90DA-CAC41E7D6EFC}.Debug|iPhone.ActiveCfg = Debug|x86
		{3A1BA31F-19CD-480C-90DA-CAC41E7D6EFC}.Debug|iPhoneSimulator.ActiveCfg = Debug|x86
		{3A1BA31F-19CD-480C-90DA-CAC41E7D6EFC}.Debug|x64.ActiveCfg = Debug|x64
		{3A1BA31F-19CD-480C-90DA-CAC41E7D6EFC}.Debug|x64.Build.0 = Debug|x64
		{3A1BA31F-19CD-480C-90DA-CAC41E7D6EFC}.Debug|x64.Deploy.0 = Debug|x64
		{3A1BA31F-19CD-480C-90DA-CAC41E7D6EFC}.Debug|x86.ActiveCfg = Debug|x86
		{3A1BA31F-19CD-480C-90DA-CAC41E7D6EFC}.Debug|x86.Build.0 = Debug|x86
		{3A1BA31F-19CD-480C-90DA-CAC41E7D6EFC}.Debug|x86.Deploy.0 = Debug|x86
		{3A1BA31F-19CD-480C-90DA-CAC41E7D6EFC}.Release|Any CPU.ActiveCfg = Release|x86
		{3A1BA31F-19CD-480C-90DA-CAC41E7D6EFC}.Release|ARM.ActiveCfg = Release|ARM
		{3A1BA31F-19CD-480C-90DA-CAC41E7D6EFC}.Release|ARM.Build.0 = Release|ARM
		{3A1BA31F-19CD-480C-90DA-CAC41E7D6EFC}.Release|ARM.Deploy.0 = Release|ARM
		{3A1BA31F-19CD-480C-90DA-CAC41E7D6EFC}.Release|iPhone.ActiveCfg = Release|x86
		{3A1BA31F-19CD-480C-90DA-CAC41E7D6EFC}.Release|iPhoneSimulator.ActiveCfg = Release|x86
		{3A1BA31F-19CD-480C-90DA-CAC41E7D6EFC}.Release|x64.ActiveCfg = Release|x64
		{3A1BA31F-19CD-480C-90DA-CAC41E7D6EFC}.Release|x64.Build.0 = Release|x64
		{3A1BA31F-19CD-480C-90DA-CAC41E7D6EFC}.Release|x64.Deploy.0 = Release|x64
		{3A1BA31F-19CD-480C-90DA-CAC41E7D6EFC}.Release|x86.ActiveCfg = Release|x86
		{3A1BA31F-19CD-480C-90DA-CAC41E7D6EFC}.Release|x86.Build.0 = Release|x86
		{3A1BA31F-19CD-480C-90DA-CAC41E7D6EFC}.Release|x86.Deploy.0 = Release|x86
		{E43F234F-C5F4-46DE-8359-C5DA8699DC92}.Ad-Hoc|Any CPU.ActiveCfg = Ad-Hoc|iPhone
		{E43F234F-C5F4-46DE-8359-C5DA8699DC92}.Ad-Hoc|ARM.ActiveCfg = Ad-Hoc|iPhone
		{E43F234F-C5F4-46DE-8359-C5DA8699DC92}.Ad-Hoc|iPhone.ActiveCfg = Ad-Hoc|iPhone
		{E43F234F-C5F4-46DE-8359-C5DA8699DC92}.Ad-Hoc|iPhone.Build.0 = Ad-Hoc|iPhone
		{E43F234F-C5F4-46DE-8359-C5DA8699DC92}.Ad-Hoc|iPhoneSimulator.ActiveCfg = Ad-Hoc|iPhoneSimulator
		{E43F234F-C5F4-46DE-8359-C5DA8699DC92}.Ad-Hoc|iPhoneSimulator.Build.0 = Ad-Hoc|iPhoneSimulator
		{E43F234F-C5F4-46DE-8359-C5DA8699DC92}.Ad-Hoc|x64.ActiveCfg = Ad-Hoc|iPhone
		{E43F234F-C5F4-46DE-8359-C5DA8699DC92}.Ad-Hoc|x86.ActiveCfg = Ad-Hoc|iPhone
		{E43F234F-C5F4-46DE-8359-C5DA8699DC92}.AppStore|Any CPU.ActiveCfg = AppStore|iPhone
		{E43F234F-C5F4-46DE-8359-C5DA8699DC92}.AppStore|ARM.ActiveCfg = AppStore|iPhone
		{E43F234F-C5F4-46DE-8359-C5DA8699DC92}.AppStore|iPhone.ActiveCfg = AppStore|iPhone
		{E43F234F-C5F4-46DE-8359-C5DA8699DC92}.AppStore|iPhone.Build.0 = AppStore|iPhone
		{E43F234F-C5F4-46DE-8359-C5DA8699DC92}.AppStore|iPhoneSimulator.ActiveCfg = AppStore|iPhoneSimulator
		{E43F234F-C5F4-46DE-8359-C5DA8699DC92}.AppStore|iPhoneSimulator.Build.0 = AppStore|iPhoneSimulator
		{E43F234F-C5F4-46DE-8359-C5DA8699DC92}.AppStore|x64.ActiveCfg = AppStore|iPhone
		{E43F234F-C5F4-46DE-8359-C5DA8699DC92}.AppStore|x86.ActiveCfg = AppStore|iPhone
		{E43F234F-C5F4-46DE-8359-C5DA8699DC92}.Debug|Any CPU.ActiveCfg = Debug|iPhone
		{E43F234F-C5F4-46DE-8359-C5DA8699DC92}.Debug|ARM.ActiveCfg = Debug|iPhone
		{E43F234F-C5F4-46DE-8359-C5DA8699DC92}.Debug|iPhone.ActiveCfg = Debug|iPhone
		{E43F234F-C5F4-46DE-8359-C5DA8699DC92}.Debug|iPhone.Build.0 = Debug|iPhone
		{E43F234F-C5F4-46DE-8359-C5DA8699DC92}.Debug|iPhoneSimulator.ActiveCfg = Debug|iPhoneSimulator
		{E43F234F-C5F4-46DE-8359-C5DA8699DC92}.Debug|iPhoneSimulator.Build.0 = Debug|iPhoneSimulator
		{E43F234F-C5F4-46DE-8359-C5DA8699DC92}.Debug|x64.ActiveCfg = Debug|iPhone
		{E43F234F-C5F4-46DE-8359-C5DA8699DC92}.Debug|x86.ActiveCfg = Debug|iPhone
		{E43F234F-C5F4-46DE-8359-C5DA8699DC92}.Release|Any CPU.ActiveCfg = Release|iPhone
		{E43F234F-C5F4-46DE-8359-C5DA8699DC92}.Release|ARM.ActiveCfg = Release|iPhone
		{E43F234F-C5F4-46DE-8359-C5DA8699DC92}.Release|iPhone.ActiveCfg = Release|iPhone
		{E43F234F-C5F4-46DE-8359-C5DA8699DC92}.Release|iPhone.Build.0 = Release|iPhone
		{E43F234F-C5F4-46DE-8359-C5DA8699DC92}.Release|iPhoneSimulator.ActiveCfg = Release|iPhoneSimulator
		{E43F234F-C5F4-46DE-8359-C5DA8699DC92}.Release|iPhoneSimulator.Build.0 = Release|iPhoneSimulator
		{E43F234F-C5F4-46DE-8359-C5DA8699DC92}.Release|x64.ActiveCfg = Release|iPhone
		{E43F234F-C5F4-46DE-8359-C5DA8699DC92}.Release|x86.ActiveCfg = Release|iPhone
	EndGlobalSection
	GlobalSection(SolutionProperties) = preSolution
		HideSolutionNode = FALSE
	EndGlobalSection
EndGlobal
