
Microsoft Visual Studio Solution File, Format Version 12.00
# Visual Studio 15
VisualStudioVersion = 15.0.26430.14
MinimumVisualStudioVersion = 10.0.40219.1
Project("{FAE04EC0-301F-11D3-BF4B-00C04F79EFBC}") = "Demo02.Android", "Demo02\Demo02.Android\Demo02.Android.csproj", "{EE462B6A-2198-43F7-893E-A9AD9DF81A7D}"
EndProject
Project("{FAE04EC0-301F-11D3-BF4B-00C04F79EFBC}") = "Demo02", "Demo02\Demo02\Demo02.csproj", "{641A29B5-C86F-4840-8D53-E5AA6F7B2A72}"
EndProject
Project("{FAE04EC0-301F-11D3-BF4B-00C04F79EFBC}") = "Demo02.UWP", "Demo02\Demo02.UWP\Demo02.UWP.csproj", "{A559B558-C102-4D28-A60A-216011F1D092}"
EndProject
Project("{FAE04EC0-301F-11D3-BF4B-00C04F79EFBC}") = "Demo02.iOS", "Demo02\Demo02.iOS\Demo02.iOS.csproj", "{20FB7F83-839F-49C5-A52E-CACA5A602741}"
EndProject
Global
	GlobalSection(SolutionConfigurationPlatforms) = preSolution
		Ad-Hoc|Any CPU = Ad-Hoc|Any CPU
		Ad-Hoc|ARM = Ad-Hoc|ARM
		Ad-Hoc|iPhone = Ad-Hoc|iPhone
		Ad-Hoc|iPhoneSimulator = Ad-Hoc|iPhoneSimulator
		Ad-Hoc|x64 = Ad-Hoc|x64
		Ad-Hoc|x86 = Ad-Hoc|x86
		AppStore|Any CPU = AppStore|Any CPU
		AppStore|ARM = AppStore|ARM
		AppStore|iPhone = AppStore|iPhone
		AppStore|iPhoneSimulator = AppStore|iPhoneSimulator
		AppStore|x64 = AppStore|x64
		AppStore|x86 = AppStore|x86
		Debug|Any CPU = Debug|Any CPU
		Debug|ARM = Debug|ARM
		Debug|iPhone = Debug|iPhone
		Debug|iPhoneSimulator = Debug|iPhoneSimulator
		Debug|x64 = Debug|x64
		Debug|x86 = Debug|x86
		Release|Any CPU = Release|Any CPU
		Release|ARM = Release|ARM
		Release|iPhone = Release|iPhone
		Release|iPhoneSimulator = Release|iPhoneSimulator
		Release|x64 = Release|x64
		Release|x86 = Release|x86
	EndGlobalSection
	GlobalSection(ProjectConfigurationPlatforms) = postSolution
		{EE462B6A-2198-43F7-893E-A9AD9DF81A7D}.Ad-Hoc|Any CPU.ActiveCfg = Release|Any CPU
		{EE462B6A-2198-43F7-893E-A9AD9DF81A7D}.Ad-Hoc|Any CPU.Build.0 = Release|Any CPU
		{EE462B6A-2198-43F7-893E-A9AD9DF81A7D}.Ad-Hoc|Any CPU.Deploy.0 = Release|Any CPU
		{EE462B6A-2198-43F7-893E-A9AD9DF81A7D}.Ad-Hoc|ARM.ActiveCfg = Release|Any CPU
		{EE462B6A-2198-43F7-893E-A9AD9DF81A7D}.Ad-Hoc|ARM.Build.0 = Release|Any CPU
		{EE462B6A-2198-43F7-893E-A9AD9DF81A7D}.Ad-Hoc|ARM.Deploy.0 = Release|Any CPU
		{EE462B6A-2198-43F7-893E-A9AD9DF81A7D}.Ad-Hoc|iPhone.ActiveCfg = Release|Any CPU
		{EE462B6A-2198-43F7-893E-A9AD9DF81A7D}.Ad-Hoc|iPhone.Build.0 = Release|Any CPU
		{EE462B6A-2198-43F7-893E-A9AD9DF81A7D}.Ad-Hoc|iPhone.Deploy.0 = Release|Any CPU
		{EE462B6A-2198-43F7-893E-A9AD9DF81A7D}.Ad-Hoc|iPhoneSimulator.ActiveCfg = Release|Any CPU
		{EE462B6A-2198-43F7-893E-A9AD9DF81A7D}.Ad-Hoc|iPhoneSimulator.Build.0 = Release|Any CPU
		{EE462B6A-2198-43F7-893E-A9AD9DF81A7D}.Ad-Hoc|iPhoneSimulator.Deploy.0 = Release|Any CPU
		{EE462B6A-2198-43F7-893E-A9AD9DF81A7D}.Ad-Hoc|x64.ActiveCfg = Release|Any CPU
		{EE462B6A-2198-43F7-893E-A9AD9DF81A7D}.Ad-Hoc|x64.Build.0 = Release|Any CPU
		{EE462B6A-2198-43F7-893E-A9AD9DF81A7D}.Ad-Hoc|x64.Deploy.0 = Release|Any CPU
		{EE462B6A-2198-43F7-893E-A9AD9DF81A7D}.Ad-Hoc|x86.ActiveCfg = Release|Any CPU
		{EE462B6A-2198-43F7-893E-A9AD9DF81A7D}.Ad-Hoc|x86.Build.0 = Release|Any CPU
		{EE462B6A-2198-43F7-893E-A9AD9DF81A7D}.Ad-Hoc|x86.Deploy.0 = Release|Any CPU
		{EE462B6A-2198-43F7-893E-A9AD9DF81A7D}.AppStore|Any CPU.ActiveCfg = Release|Any CPU
		{EE462B6A-2198-43F7-893E-A9AD9DF81A7D}.AppStore|Any CPU.Build.0 = Release|Any CPU
		{EE462B6A-2198-43F7-893E-A9AD9DF81A7D}.AppStore|Any CPU.Deploy.0 = Release|Any CPU
		{EE462B6A-2198-43F7-893E-A9AD9DF81A7D}.AppStore|ARM.ActiveCfg = Release|Any CPU
		{EE462B6A-2198-43F7-893E-A9AD9DF81A7D}.AppStore|ARM.Build.0 = Release|Any CPU
		{EE462B6A-2198-43F7-893E-A9AD9DF81A7D}.AppStore|ARM.Deploy.0 = Release|Any CPU
		{EE462B6A-2198-43F7-893E-A9AD9DF81A7D}.AppStore|iPhone.ActiveCfg = Release|Any CPU
		{EE462B6A-2198-43F7-893E-A9AD9DF81A7D}.AppStore|iPhone.Build.0 = Release|Any CPU
		{EE462B6A-2198-43F7-893E-A9AD9DF81A7D}.AppStore|iPhone.Deploy.0 = Release|Any CPU
		{EE462B6A-2198-43F7-893E-A9AD9DF81A7D}.AppStore|iPhoneSimulator.ActiveCfg = Release|Any CPU
		{EE462B6A-2198-43F7-893E-A9AD9DF81A7D}.AppStore|iPhoneSimulator.Build.0 = Release|Any CPU
		{EE462B6A-2198-43F7-893E-A9AD9DF81A7D}.AppStore|iPhoneSimulator.Deploy.0 = Release|Any CPU
		{EE462B6A-2198-43F7-893E-A9AD9DF81A7D}.AppStore|x64.ActiveCfg = Release|Any CPU
		{EE462B6A-2198-43F7-893E-A9AD9DF81A7D}.AppStore|x64.Build.0 = Release|Any CPU
		{EE462B6A-2198-43F7-893E-A9AD9DF81A7D}.AppStore|x64.Deploy.0 = Release|Any CPU
		{EE462B6A-2198-43F7-893E-A9AD9DF81A7D}.AppStore|x86.ActiveCfg = Release|Any CPU
		{EE462B6A-2198-43F7-893E-A9AD9DF81A7D}.AppStore|x86.Build.0 = Release|Any CPU
		{EE462B6A-2198-43F7-893E-A9AD9DF81A7D}.AppStore|x86.Deploy.0 = Release|Any CPU
		{EE462B6A-2198-43F7-893E-A9AD9DF81A7D}.Debug|Any CPU.ActiveCfg = Debug|Any CPU
		{EE462B6A-2198-43F7-893E-A9AD9DF81A7D}.Debug|Any CPU.Build.0 = Debug|Any CPU
		{EE462B6A-2198-43F7-893E-A9AD9DF81A7D}.Debug|Any CPU.Deploy.0 = Debug|Any CPU
		{EE462B6A-2198-43F7-893E-A9AD9DF81A7D}.Debug|ARM.ActiveCfg = Debug|Any CPU
		{EE462B6A-2198-43F7-893E-A9AD9DF81A7D}.Debug|ARM.Build.0 = Debug|Any CPU
		{EE462B6A-2198-43F7-893E-A9AD9DF81A7D}.Debug|ARM.Deploy.0 = Debug|Any CPU
		{EE462B6A-2198-43F7-893E-A9AD9DF81A7D}.Debug|iPhone.ActiveCfg = Debug|Any CPU
		{EE462B6A-2198-43F7-893E-A9AD9DF81A7D}.Debug|iPhone.Build.0 = Debug|Any CPU
		{EE462B6A-2198-43F7-893E-A9AD9DF81A7D}.Debug|iPhone.Deploy.0 = Debug|Any CPU
		{EE462B6A-2198-43F7-893E-A9AD9DF81A7D}.Debug|iPhoneSimulator.ActiveCfg = Debug|Any CPU
		{EE462B6A-2198-43F7-893E-A9AD9DF81A7D}.Debug|iPhoneSimulator.Build.0 = Debug|Any CPU
		{EE462B6A-2198-43F7-893E-A9AD9DF81A7D}.Debug|iPhoneSimulator.Deploy.0 = Debug|Any CPU
		{EE462B6A-2198-43F7-893E-A9AD9DF81A7D}.Debug|x64.ActiveCfg = Debug|Any CPU
		{EE462B6A-2198-43F7-893E-A9AD9DF81A7D}.Debug|x64.Build.0 = Debug|Any CPU
		{EE462B6A-2198-43F7-893E-A9AD9DF81A7D}.Debug|x64.Deploy.0 = Debug|Any CPU
		{EE462B6A-2198-43F7-893E-A9AD9DF81A7D}.Debug|x86.ActiveCfg = Debug|Any CPU
		{EE462B6A-2198-43F7-893E-A9AD9DF81A7D}.Debug|x86.Build.0 = Debug|Any CPU
		{EE462B6A-2198-43F7-893E-A9AD9DF81A7D}.Debug|x86.Deploy.0 = Debug|Any CPU
		{EE462B6A-2198-43F7-893E-A9AD9DF81A7D}.Release|Any CPU.ActiveCfg = Release|Any CPU
		{EE462B6A-2198-43F7-893E-A9AD9DF81A7D}.Release|Any CPU.Build.0 = Release|Any CPU
		{EE462B6A-2198-43F7-893E-A9AD9DF81A7D}.Release|Any CPU.Deploy.0 = Release|Any CPU
		{EE462B6A-2198-43F7-893E-A9AD9DF81A7D}.Release|ARM.ActiveCfg = Release|Any CPU
		{EE462B6A-2198-43F7-893E-A9AD9DF81A7D}.Release|ARM.Build.0 = Release|Any CPU
		{EE462B6A-2198-43F7-893E-A9AD9DF81A7D}.Release|ARM.Deploy.0 = Release|Any CPU
		{EE462B6A-2198-43F7-893E-A9AD9DF81A7D}.Release|iPhone.ActiveCfg = Release|Any CPU
		{EE462B6A-2198-43F7-893E-A9AD9DF81A7D}.Release|iPhone.Build.0 = Release|Any CPU
		{EE462B6A-2198-43F7-893E-A9AD9DF81A7D}.Release|iPhone.Deploy.0 = Release|Any CPU
		{EE462B6A-2198-43F7-893E-A9AD9DF81A7D}.Release|iPhoneSimulator.ActiveCfg = Release|Any CPU
		{EE462B6A-2198-43F7-893E-A9AD9DF81A7D}.Release|iPhoneSimulator.Build.0 = Release|Any CPU
		{EE462B6A-2198-43F7-893E-A9AD9DF81A7D}.Release|iPhoneSimulator.Deploy.0 = Release|Any CPU
		{EE462B6A-2198-43F7-893E-A9AD9DF81A7D}.Release|x64.ActiveCfg = Release|Any CPU
		{EE462B6A-2198-43F7-893E-A9AD9DF81A7D}.Release|x64.Build.0 = Release|Any CPU
		{EE462B6A-2198-43F7-893E-A9AD9DF81A7D}.Release|x64.Deploy.0 = Release|Any CPU
		{EE462B6A-2198-43F7-893E-A9AD9DF81A7D}.Release|x86.ActiveCfg = Release|Any CPU
		{EE462B6A-2198-43F7-893E-A9AD9DF81A7D}.Release|x86.Build.0 = Release|Any CPU
		{EE462B6A-2198-43F7-893E-A9AD9DF81A7D}.Release|x86.Deploy.0 = Release|Any CPU
		{641A29B5-C86F-4840-8D53-E5AA6F7B2A72}.Ad-Hoc|Any CPU.ActiveCfg = Release|Any CPU
		{641A29B5-C86F-4840-8D53-E5AA6F7B2A72}.Ad-Hoc|Any CPU.Build.0 = Release|Any CPU
		{641A29B5-C86F-4840-8D53-E5AA6F7B2A72}.Ad-Hoc|ARM.ActiveCfg = Release|Any CPU
		{641A29B5-C86F-4840-8D53-E5AA6F7B2A72}.Ad-Hoc|ARM.Build.0 = Release|Any CPU
		{641A29B5-C86F-4840-8D53-E5AA6F7B2A72}.Ad-Hoc|iPhone.ActiveCfg = Release|Any CPU
		{641A29B5-C86F-4840-8D53-E5AA6F7B2A72}.Ad-Hoc|iPhone.Build.0 = Release|Any CPU
		{641A29B5-C86F-4840-8D53-E5AA6F7B2A72}.Ad-Hoc|iPhoneSimulator.ActiveCfg = Release|Any CPU
		{641A29B5-C86F-4840-8D53-E5AA6F7B2A72}.Ad-Hoc|iPhoneSimulator.Build.0 = Release|Any CPU
		{641A29B5-C86F-4840-8D53-E5AA6F7B2A72}.Ad-Hoc|x64.ActiveCfg = Release|Any CPU
		{641A29B5-C86F-4840-8D53-E5AA6F7B2A72}.Ad-Hoc|x64.Build.0 = Release|Any CPU
		{641A29B5-C86F-4840-8D53-E5AA6F7B2A72}.Ad-Hoc|x86.ActiveCfg = Release|Any CPU
		{641A29B5-C86F-4840-8D53-E5AA6F7B2A72}.Ad-Hoc|x86.Build.0 = Release|Any CPU
		{641A29B5-C86F-4840-8D53-E5AA6F7B2A72}.AppStore|Any CPU.ActiveCfg = Release|Any CPU
		{641A29B5-C86F-4840-8D53-E5AA6F7B2A72}.AppStore|Any CPU.Build.0 = Release|Any CPU
		{641A29B5-C86F-4840-8D53-E5AA6F7B2A72}.AppStore|ARM.ActiveCfg = Release|Any CPU
		{641A29B5-C86F-4840-8D53-E5AA6F7B2A72}.AppStore|ARM.Build.0 = Release|Any CPU
		{641A29B5-C86F-4840-8D53-E5AA6F7B2A72}.AppStore|iPhone.ActiveCfg = Release|Any CPU
		{641A29B5-C86F-4840-8D53-E5AA6F7B2A72}.AppStore|iPhone.Build.0 = Release|Any CPU
		{641A29B5-C86F-4840-8D53-E5AA6F7B2A72}.AppStore|iPhoneSimulator.ActiveCfg = Release|Any CPU
		{641A29B5-C86F-4840-8D53-E5AA6F7B2A72}.AppStore|iPhoneSimulator.Build.0 = Release|Any CPU
		{641A29B5-C86F-4840-8D53-E5AA6F7B2A72}.AppStore|x64.ActiveCfg = Release|Any CPU
		{641A29B5-C86F-4840-8D53-E5AA6F7B2A72}.AppStore|x64.Build.0 = Release|Any CPU
		{641A29B5-C86F-4840-8D53-E5AA6F7B2A72}.AppStore|x86.ActiveCfg = Release|Any CPU
		{641A29B5-C86F-4840-8D53-E5AA6F7B2A72}.AppStore|x86.Build.0 = Release|Any CPU
		{641A29B5-C86F-4840-8D53-E5AA6F7B2A72}.Debug|Any CPU.ActiveCfg = Debug|Any CPU
		{641A29B5-C86F-4840-8D53-E5AA6F7B2A72}.Debug|Any CPU.Build.0 = Debug|Any CPU
		{641A29B5-C86F-4840-8D53-E5AA6F7B2A72}.Debug|ARM.ActiveCfg = Debug|Any CPU
		{641A29B5-C86F-4840-8D53-E5AA6F7B2A72}.Debug|ARM.Build.0 = Debug|Any CPU
		{641A29B5-C86F-4840-8D53-E5AA6F7B2A72}.Debug|iPhone.ActiveCfg = Debug|Any CPU
		{641A29B5-C86F-4840-8D53-E5AA6F7B2A72}.Debug|iPhone.Build.0 = Debug|Any CPU
		{641A29B5-C86F-4840-8D53-E5AA6F7B2A72}.Debug|iPhoneSimulator.ActiveCfg = Debug|Any CPU
		{641A29B5-C86F-4840-8D53-E5AA6F7B2A72}.Debug|iPhoneSimulator.Build.0 = Debug|Any CPU
		{641A29B5-C86F-4840-8D53-E5AA6F7B2A72}.Debug|x64.ActiveCfg = Debug|Any CPU
		{641A29B5-C86F-4840-8D53-E5AA6F7B2A72}.Debug|x64.Build.0 = Debug|Any CPU
		{641A29B5-C86F-4840-8D53-E5AA6F7B2A72}.Debug|x86.ActiveCfg = Debug|Any CPU
		{641A29B5-C86F-4840-8D53-E5AA6F7B2A72}.Debug|x86.Build.0 = Debug|Any CPU
		{641A29B5-C86F-4840-8D53-E5AA6F7B2A72}.Release|Any CPU.ActiveCfg = Release|Any CPU
		{641A29B5-C86F-4840-8D53-E5AA6F7B2A72}.Release|Any CPU.Build.0 = Release|Any CPU
		{641A29B5-C86F-4840-8D53-E5AA6F7B2A72}.Release|ARM.ActiveCfg = Release|Any CPU
		{641A29B5-C86F-4840-8D53-E5AA6F7B2A72}.Release|ARM.Build.0 = Release|Any CPU
		{641A29B5-C86F-4840-8D53-E5AA6F7B2A72}.Release|iPhone.ActiveCfg = Release|Any CPU
		{641A29B5-C86F-4840-8D53-E5AA6F7B2A72}.Release|iPhone.Build.0 = Release|Any CPU
		{641A29B5-C86F-4840-8D53-E5AA6F7B2A72}.Release|iPhoneSimulator.ActiveCfg = Release|Any CPU
		{641A29B5-C86F-4840-8D53-E5AA6F7B2A72}.Release|iPhoneSimulator.Build.0 = Release|Any CPU
		{641A29B5-C86F-4840-8D53-E5AA6F7B2A72}.Release|x64.ActiveCfg = Release|Any CPU
		{641A29B5-C86F-4840-8D53-E5AA6F7B2A72}.Release|x64.Build.0 = Release|Any CPU
		{641A29B5-C86F-4840-8D53-E5AA6F7B2A72}.Release|x86.ActiveCfg = Release|Any CPU
		{641A29B5-C86F-4840-8D53-E5AA6F7B2A72}.Release|x86.Build.0 = Release|Any CPU
		{A559B558-C102-4D28-A60A-216011F1D092}.Ad-Hoc|Any CPU.ActiveCfg = Release|x86
		{A559B558-C102-4D28-A60A-216011F1D092}.Ad-Hoc|Any CPU.Build.0 = Release|x86
		{A559B558-C102-4D28-A60A-216011F1D092}.Ad-Hoc|Any CPU.Deploy.0 = Release|x86
		{A559B558-C102-4D28-A60A-216011F1D092}.Ad-Hoc|ARM.ActiveCfg = Release|ARM
		{A559B558-C102-4D28-A60A-216011F1D092}.Ad-Hoc|ARM.Build.0 = Release|ARM
		{A559B558-C102-4D28-A60A-216011F1D092}.Ad-Hoc|ARM.Deploy.0 = Release|ARM
		{A559B558-C102-4D28-A60A-216011F1D092}.Ad-Hoc|iPhone.ActiveCfg = Release|x86
		{A559B558-C102-4D28-A60A-216011F1D092}.Ad-Hoc|iPhone.Build.0 = Release|x86
		{A559B558-C102-4D28-A60A-216011F1D092}.Ad-Hoc|iPhone.Deploy.0 = Release|x86
		{A559B558-C102-4D28-A60A-216011F1D092}.Ad-Hoc|iPhoneSimulator.ActiveCfg = Release|x86
		{A559B558-C102-4D28-A60A-216011F1D092}.Ad-Hoc|iPhoneSimulator.Build.0 = Release|x86
		{A559B558-C102-4D28-A60A-216011F1D092}.Ad-Hoc|iPhoneSimulator.Deploy.0 = Release|x86
		{A559B558-C102-4D28-A60A-216011F1D092}.Ad-Hoc|x64.ActiveCfg = Release|x64
		{A559B558-C102-4D28-A60A-216011F1D092}.Ad-Hoc|x64.Build.0 = Release|x64
		{A559B558-C102-4D28-A60A-216011F1D092}.Ad-Hoc|x64.Deploy.0 = Release|x64
		{A559B558-C102-4D28-A60A-216011F1D092}.Ad-Hoc|x86.ActiveCfg = Release|x86
		{A559B558-C102-4D28-A60A-216011F1D092}.Ad-Hoc|x86.Build.0 = Release|x86
		{A559B558-C102-4D28-A60A-216011F1D092}.Ad-Hoc|x86.Deploy.0 = Release|x86
		{A559B558-C102-4D28-A60A-216011F1D092}.AppStore|Any CPU.ActiveCfg = Release|x86
		{A559B558-C102-4D28-A60A-216011F1D092}.AppStore|Any CPU.Build.0 = Release|x86
		{A559B558-C102-4D28-A60A-216011F1D092}.AppStore|Any CPU.Deploy.0 = Release|x86
		{A559B558-C102-4D28-A60A-216011F1D092}.AppStore|ARM.ActiveCfg = Release|ARM
		{A559B558-C102-4D28-A60A-216011F1D092}.AppStore|ARM.Build.0 = Release|ARM
		{A559B558-C102-4D28-A60A-216011F1D092}.AppStore|ARM.Deploy.0 = Release|ARM
		{A559B558-C102-4D28-A60A-216011F1D092}.AppStore|iPhone.ActiveCfg = Release|x86
		{A559B558-C102-4D28-A60A-216011F1D092}.AppStore|iPhone.Build.0 = Release|x86
		{A559B558-C102-4D28-A60A-216011F1D092}.AppStore|iPhone.Deploy.0 = Release|x86
		{A559B558-C102-4D28-A60A-216011F1D092}.AppStore|iPhoneSimulator.ActiveCfg = Release|x86
		{A559B558-C102-4D28-A60A-216011F1D092}.AppStore|iPhoneSimulator.Build.0 = Release|x86
		{A559B558-C102-4D28-A60A-216011F1D092}.AppStore|iPhoneSimulator.Deploy.0 = Release|x86
		{A559B558-C102-4D28-A60A-216011F1D092}.AppStore|x64.ActiveCfg = Release|x64
		{A559B558-C102-4D28-A60A-216011F1D092}.AppStore|x64.Build.0 = Release|x64
		{A559B558-C102-4D28-A60A-216011F1D092}.AppStore|x64.Deploy.0 = Release|x64
		{A559B558-C102-4D28-A60A-216011F1D092}.AppStore|x86.ActiveCfg = Release|x86
		{A559B558-C102-4D28-A60A-216011F1D092}.AppStore|x86.Build.0 = Release|x86
		{A559B558-C102-4D28-A60A-216011F1D092}.AppStore|x86.Deploy.0 = Release|x86
		{A559B558-C102-4D28-A60A-216011F1D092}.Debug|Any CPU.ActiveCfg = Debug|x86
		{A559B558-C102-4D28-A60A-216011F1D092}.Debug|Any CPU.Deploy.0 = Debug|x86
		{A559B558-C102-4D28-A60A-216011F1D092}.Debug|ARM.ActiveCfg = Debug|ARM
		{A559B558-C102-4D28-A60A-216011F1D092}.Debug|ARM.Build.0 = Debug|ARM
		{A559B558-C102-4D28-A60A-216011F1D092}.Debug|ARM.Deploy.0 = Debug|ARM
		{A559B558-C102-4D28-A60A-216011F1D092}.Debug|iPhone.ActiveCfg = Debug|x86
		{A559B558-C102-4D28-A60A-216011F1D092}.Debug|iPhoneSimulator.ActiveCfg = Debug|x86
		{A559B558-C102-4D28-A60A-216011F1D092}.Debug|x64.ActiveCfg = Debug|x64
		{A559B558-C102-4D28-A60A-216011F1D092}.Debug|x64.Build.0 = Debug|x64
		{A559B558-C102-4D28-A60A-216011F1D092}.Debug|x64.Deploy.0 = Debug|x64
		{A559B558-C102-4D28-A60A-216011F1D092}.Debug|x86.ActiveCfg = Debug|x86
		{A559B558-C102-4D28-A60A-216011F1D092}.Debug|x86.Build.0 = Debug|x86
		{A559B558-C102-4D28-A60A-216011F1D092}.Debug|x86.Deploy.0 = Debug|x86
		{A559B558-C102-4D28-A60A-216011F1D092}.Release|Any CPU.ActiveCfg = Release|x86
		{A559B558-C102-4D28-A60A-216011F1D092}.Release|ARM.ActiveCfg = Release|ARM
		{A559B558-C102-4D28-A60A-216011F1D092}.Release|ARM.Build.0 = Release|ARM
		{A559B558-C102-4D28-A60A-216011F1D092}.Release|ARM.Deploy.0 = Release|ARM
		{A559B558-C102-4D28-A60A-216011F1D092}.Release|iPhone.ActiveCfg = Release|x86
		{A559B558-C102-4D28-A60A-216011F1D092}.Release|iPhoneSimulator.ActiveCfg = Release|x86
		{A559B558-C102-4D28-A60A-216011F1D092}.Release|x64.ActiveCfg = Release|x64
		{A559B558-C102-4D28-A60A-216011F1D092}.Release|x64.Build.0 = Release|x64
		{A559B558-C102-4D28-A60A-216011F1D092}.Release|x64.Deploy.0 = Release|x64
		{A559B558-C102-4D28-A60A-216011F1D092}.Release|x86.ActiveCfg = Release|x86
		{A559B558-C102-4D28-A60A-216011F1D092}.Release|x86.Build.0 = Release|x86
		{A559B558-C102-4D28-A60A-216011F1D092}.Release|x86.Deploy.0 = Release|x86
		{20FB7F83-839F-49C5-A52E-CACA5A602741}.Ad-Hoc|Any CPU.ActiveCfg = Ad-Hoc|iPhone
		{20FB7F83-839F-49C5-A52E-CACA5A602741}.Ad-Hoc|ARM.ActiveCfg = Ad-Hoc|iPhone
		{20FB7F83-839F-49C5-A52E-CACA5A602741}.Ad-Hoc|iPhone.ActiveCfg = Ad-Hoc|iPhone
		{20FB7F83-839F-49C5-A52E-CACA5A602741}.Ad-Hoc|iPhone.Build.0 = Ad-Hoc|iPhone
		{20FB7F83-839F-49C5-A52E-CACA5A602741}.Ad-Hoc|iPhoneSimulator.ActiveCfg = Ad-Hoc|iPhoneSimulator
		{20FB7F83-839F-49C5-A52E-CACA5A602741}.Ad-Hoc|iPhoneSimulator.Build.0 = Ad-Hoc|iPhoneSimulator
		{20FB7F83-839F-49C5-A52E-CACA5A602741}.Ad-Hoc|x64.ActiveCfg = Ad-Hoc|iPhone
		{20FB7F83-839F-49C5-A52E-CACA5A602741}.Ad-Hoc|x86.ActiveCfg = Ad-Hoc|iPhone
		{20FB7F83-839F-49C5-A52E-CACA5A602741}.AppStore|Any CPU.ActiveCfg = AppStore|iPhone
		{20FB7F83-839F-49C5-A52E-CACA5A602741}.AppStore|ARM.ActiveCfg = AppStore|iPhone
		{20FB7F83-839F-49C5-A52E-CACA5A602741}.AppStore|iPhone.ActiveCfg = AppStore|iPhone
		{20FB7F83-839F-49C5-A52E-CACA5A602741}.AppStore|iPhone.Build.0 = AppStore|iPhone
		{20FB7F83-839F-49C5-A52E-CACA5A602741}.AppStore|iPhoneSimulator.ActiveCfg = AppStore|iPhoneSimulator
		{20FB7F83-839F-49C5-A52E-CACA5A602741}.AppStore|iPhoneSimulator.Build.0 = AppStore|iPhoneSimulator
		{20FB7F83-839F-49C5-A52E-CACA5A602741}.AppStore|x64.ActiveCfg = AppStore|iPhone
		{20FB7F83-839F-49C5-A52E-CACA5A602741}.AppStore|x86.ActiveCfg = AppStore|iPhone
		{20FB7F83-839F-49C5-A52E-CACA5A602741}.Debug|Any CPU.ActiveCfg = Debug|iPhone
		{20FB7F83-839F-49C5-A52E-CACA5A602741}.Debug|ARM.ActiveCfg = Debug|iPhone
		{20FB7F83-839F-49C5-A52E-CACA5A602741}.Debug|iPhone.ActiveCfg = Debug|iPhone
		{20FB7F83-839F-49C5-A52E-CACA5A602741}.Debug|iPhone.Build.0 = Debug|iPhone
		{20FB7F83-839F-49C5-A52E-CACA5A602741}.Debug|iPhoneSimulator.ActiveCfg = Debug|iPhoneSimulator
		{20FB7F83-839F-49C5-A52E-CACA5A602741}.Debug|iPhoneSimulator.Build.0 = Debug|iPhoneSimulator
		{20FB7F83-839F-49C5-A52E-CACA5A602741}.Debug|x64.ActiveCfg = Debug|iPhone
		{20FB7F83-839F-49C5-A52E-CACA5A602741}.Debug|x86.ActiveCfg = Debug|iPhone
		{20FB7F83-839F-49C5-A52E-CACA5A602741}.Release|Any CPU.ActiveCfg = Release|iPhone
		{20FB7F83-839F-49C5-A52E-CACA5A602741}.Release|ARM.ActiveCfg = Release|iPhone
		{20FB7F83-839F-49C5-A52E-CACA5A602741}.Release|iPhone.ActiveCfg = Release|iPhone
		{20FB7F83-839F-49C5-A52E-CACA5A602741}.Release|iPhone.Build.0 = Release|iPhone
		{20FB7F83-839F-49C5-A52E-CACA5A602741}.Release|iPhoneSimulator.ActiveCfg = Release|iPhoneSimulator
		{20FB7F83-839F-49C5-A52E-CACA5A602741}.Release|iPhoneSimulator.Build.0 = Release|iPhoneSimulator
		{20FB7F83-839F-49C5-A52E-CACA5A602741}.Release|x64.ActiveCfg = Release|iPhone
		{20FB7F83-839F-49C5-A52E-CACA5A602741}.Release|x86.ActiveCfg = Release|iPhone
	EndGlobalSection
	GlobalSection(SolutionProperties) = preSolution
		HideSolutionNode = FALSE
	EndGlobalSection
EndGlobal
